// !$*UTF8*$!
{
	archiveVersion = 1;
	classes = {
	};
	objectVersion = 50;
	objects = {

/* Begin PBXBuildFile section */
		B7CB2EA44C3388E39427DB4B /* Pods_RxNamer.framework in Frameworks */ = {isa = PBXBuildFile; fileRef = 00771DC6E32B01C3F39E52EB /* Pods_RxNamer.framework */; };
		D668240E214EC2B900B6D8F0 /* AddNameVC.swift in Sources */ = {isa = PBXBuildFile; fileRef = D668240D214EC2B900B6D8F0 /* AddNameVC.swift */; };
		D6C051DE2146DB7900B4F044 /* AppDelegate.swift in Sources */ = {isa = PBXBuildFile; fileRef = D6C051DD2146DB7900B4F044 /* AppDelegate.swift */; };
		D6C051E02146DB7900B4F044 /* ViewController.swift in Sources */ = {isa = PBXBuildFile; fileRef = D6C051DF2146DB7900B4F044 /* ViewController.swift */; };
		D6C051E32146DB7900B4F044 /* Main.storyboard in Resources */ = {isa = PBXBuildFile; fileRef = D6C051E12146DB7900B4F044 /* Main.storyboard */; };
		D6C051E52146DB7B00B4F044 /* Assets.xcassets in Resources */ = {isa = PBXBuildFile; fileRef = D6C051E42146DB7B00B4F044 /* Assets.xcassets */; };
		D6C051E82146DB7B00B4F044 /* LaunchScreen.storyboard in Resources */ = {isa = PBXBuildFile; fileRef = D6C051E62146DB7B00B4F044 /* LaunchScreen.storyboard */; };
/* End PBXBuildFile section */

/* Begin PBXFileReference section */
		00771DC6E32B01C3F39E52EB /* Pods_RxNamer.framework */ = {isa = PBXFileReference; explicitFileType = wrapper.framework; includeInIndex = 0; path = Pods_RxNamer.framework; sourceTree = BUILT_PRODUCTS_DIR; };
		28C389952F144E280AA3968E /* Pods-RxNamer.release.xcconfig */ = {isa = PBXFileReference; includeInIndex = 1; lastKnownFileType = text.xcconfig; name = "Pods-RxNamer.release.xcconfig"; path = "Pods/Target Support Files/Pods-RxNamer/Pods-RxNamer.release.xcconfig"; sourceTree = "<group>"; };
		A1A0A8746E0FD4417EE740A3 /* Pods-RxNamer.debug.xcconfig */ = {isa = PBXFileReference; includeInIndex = 1; lastKnownFileType = text.xcconfig; name = "Pods-RxNamer.debug.xcconfig"; path = "Pods/Target Support Files/Pods-RxNamer/Pods-RxNamer.debug.xcconfig"; sourceTree = "<group>"; };
		D668240D214EC2B900B6D8F0 /* AddNameVC.swift */ = {isa = PBXFileReference; lastKnownFileType = sourcecode.swift; path = AddNameVC.swift; sourceTree = "<group>"; };
		D6C051DA2146DB7900B4F044 /* RxNamer.app */ = {isa = PBXFileReference; explicitFileType = wrapper.application; includeInIndex = 0; path = RxNamer.app; sourceTree = BUILT_PRODUCTS_DIR; };
		D6C051DD2146DB7900B4F044 /* AppDelegate.swift */ = {isa = PBXFileReference; lastKnownFileType = sourcecode.swift; path = AppDelegate.swift; sourceTree = "<group>"; };
		D6C051DF2146DB7900B4F044 /* ViewController.swift */ = {isa = PBXFileReference; lastKnownFileType = sourcecode.swift; path = ViewController.swift; sourceTree = "<group>"; };
		D6C051E22146DB7900B4F044 /* Base */ = {isa = PBXFileReference; lastKnownFileType = file.storyboard; name = Base; path = Base.lproj/Main.storyboard; sourceTree = "<group>"; };
		D6C051E42146DB7B00B4F044 /* Assets.xcassets */ = {isa = PBXFileReference; lastKnownFileType = folder.assetcatalog; path = Assets.xcassets; sourceTree = "<group>"; };
		D6C051E72146DB7B00B4F044 /* Base */ = {isa = PBXFileReference; lastKnownFileType = file.storyboard; name = Base; path = Base.lproj/LaunchScreen.storyboard; sourceTree = "<group>"; };
		D6C051E92146DB7B00B4F044 /* Info.plist */ = {isa = PBXFileReference; lastKnownFileType = text.plist.xml; path = Info.plist; sourceTree = "<group>"; };
/* End PBXFileReference section */

/* Begin PBXFrameworksBuildPhase section */
		D6C051D72146DB7900B4F044 /* Frameworks */ = {
			isa = PBXFrameworksBuildPhase;
			buildActionMask = 2147483647;
			files = (
				B7CB2EA44C3388E39427DB4B /* Pods_RxNamer.framework in Frameworks */,
			);
			runOnlyForDeploymentPostprocessing = 0;
		};
/* End PBXFrameworksBuildPhase section */

/* Begin PBXGroup section */
		B5A699ED5489A561D05F6AB1 /* Pods */ = {
			isa = PBXGroup;
			children = (
				A1A0A8746E0FD4417EE740A3 /* Pods-RxNamer.debug.xcconfig */,
				28C389952F144E280AA3968E /* Pods-RxNamer.release.xcconfig */,
			);
			name = Pods;
			sourceTree = "<group>";
		};
		CD7201E7580A598588BF9DD4 /* Frameworks */ = {
			isa = PBXGroup;
			children = (
				00771DC6E32B01C3F39E52EB /* Pods_RxNamer.framework */,
			);
			name = Frameworks;
			sourceTree = "<group>";
		};
		D6C051D12146DB7900B4F044 = {
			isa = PBXGroup;
			children = (
				D6C051DC2146DB7900B4F044 /* RxNamer */,
				D6C051DB2146DB7900B4F044 /* Products */,
				B5A699ED5489A561D05F6AB1 /* Pods */,
				CD7201E7580A598588BF9DD4 /* Frameworks */,
			);
			sourceTree = "<group>";
		};
		D6C051DB2146DB7900B4F044 /* Products */ = {
			isa = PBXGroup;
			children = (
				D6C051DA2146DB7900B4F044 /* RxNamer.app */,
			);
			name = Products;
			sourceTree = "<group>";
		};
		D6C051DC2146DB7900B4F044 /* RxNamer */ = {
			isa = PBXGroup;
			children = (
				D6C051DD2146DB7900B4F044 /* AppDelegate.swift */,
				D6C051DF2146DB7900B4F044 /* ViewController.swift */,
				D668240D214EC2B900B6D8F0 /* AddNameVC.swift */,
				D6C051E12146DB7900B4F044 /* Main.storyboard */,
				D6C051E42146DB7B00B4F044 /* Assets.xcassets */,
				D6C051E62146DB7B00B4F044 /* LaunchScreen.storyboard */,
				D6C051E92146DB7B00B4F044 /* Info.plist */,
			);
			path = RxNamer;
			sourceTree = "<group>";
		};
/* End PBXGroup section */

/* Begin PBXNativeTarget section */
		D6C051D92146DB7900B4F044 /* RxNamer */ = {
			isa = PBXNativeTarget;
			buildConfigurationList = D6C051EC2146DB7B00B4F044 /* Build configuration list for PBXNativeTarget "RxNamer" */;
			buildPhases = (
				BC682A7CB597A921A035AE72 /* [CP] Check Pods Manifest.lock */,
				D6C051D62146DB7900B4F044 /* Sources */,
				D6C051D72146DB7900B4F044 /* Frameworks */,
				D6C051D82146DB7900B4F044 /* Resources */,
				10020D10FE284A36CBFB7F6E /* [CP] Embed Pods Frameworks */,
			);
			buildRules = (
			);
			dependencies = (
			);
			name = RxNamer;
			productName = RxNamer;
			productReference = D6C051DA2146DB7900B4F044 /* RxNamer.app */;
			productType = "com.apple.product-type.application";
		};
/* End PBXNativeTarget section */

/* Begin PBXProject section */
		D6C051D22146DB7900B4F044 /* Project object */ = {
			isa = PBXProject;
			attributes = {
				LastSwiftUpdateCheck = 0940;
				LastUpgradeCheck = 0940;
				ORGANIZATIONNAME = "Tomasz Jaeschke";
				TargetAttributes = {
					D6C051D92146DB7900B4F044 = {
						CreatedOnToolsVersion = 9.4.1;
					};
				};
			};
			buildConfigurationList = D6C051D52146DB7900B4F044 /* Build configuration list for PBXProject "RxNamer" */;
			compatibilityVersion = "Xcode 9.3";
			developmentRegion = en;
			hasScannedForEncodings = 0;
			knownRegions = (
				en,
				Base,
			);
			mainGroup = D6C051D12146DB7900B4F044;
			productRefGroup = D6C051DB2146DB7900B4F044 /* Products */;
			projectDirPath = "";
			projectRoot = "";
			targets = (
				D6C051D92146DB7900B4F044 /* RxNamer */,
			);
		};
/* End PBXProject section */

/* Begin PBXResourcesBuildPhase section */
		D6C051D82146DB7900B4F044 /* Resources */ = {
			isa = PBXResourcesBuildPhase;
			buildActionMask = 2147483647;
			files = (
				D6C051E82146DB7B00B4F044 /* LaunchScreen.storyboard in Resources */,
				D6C051E52146DB7B00B4F044 /* Assets.xcassets in Resources */,
				D6C051E32146DB7900B4F044 /* Main.storyboard in Resources */,
			);
			runOnlyForDeploymentPostprocessing = 0;
		};
/* End PBXResourcesBuildPhase section */

/* Begin PBXShellScriptBuildPhase section */
		10020D10FE284A36CBFB7F6E /* [CP] Embed Pods Frameworks */ = {
			isa = PBXShellScriptBuildPhase;
			buildActionMask = 2147483647;
			files = (
			);
			inputPaths = (
				"${SRCROOT}/Pods/Target Support Files/Pods-RxNamer/Pods-RxNamer-frameworks.sh",
				"${BUILT_PRODUCTS_DIR}/RxCocoa/RxCocoa.framework",
				"${BUILT_PRODUCTS_DIR}/RxSwift/RxSwift.framework",
			);
			name = "[CP] Embed Pods Frameworks";
			outputPaths = (
				"${TARGET_BUILD_DIR}/${FRAMEWORKS_FOLDER_PATH}/RxCocoa.framework",
				"${TARGET_BUILD_DIR}/${FRAMEWORKS_FOLDER_PATH}/RxSwift.framework",
			);
			runOnlyForDeploymentPostprocessing = 0;
			shellPath = /bin/sh;
			shellScript = "\"${SRCROOT}/Pods/Target Support Files/Pods-RxNamer/Pods-RxNamer-frameworks.sh\"\n";
			showEnvVarsInLog = 0;
		};
		BC682A7CB597A921A035AE72 /* [CP] Check Pods Manifest.lock */ = {
			isa = PBXShellScriptBuildPhase;
			buildActionMask = 2147483647;
			files = (
			);
			inputPaths = (
				"${PODS_PODFILE_DIR_PATH}/Podfile.lock",
				"${PODS_ROOT}/Manifest.lock",
			);
			name = "[CP] Check Pods Manifest.lock";
			outputPaths = (
				"$(DERIVED_FILE_DIR)/Pods-RxNamer-checkManifestLockResult.txt",
			);
			runOnlyForDeploymentPostprocessing = 0;
			shellPath = /bin/sh;
			shellScript = "diff \"${PODS_PODFILE_DIR_PATH}/Podfile.lock\" \"${PODS_ROOT}/Manifest.lock\" > /dev/null\nif [ $? != 0 ] ; then\n    # print error to STDERR\n    echo \"error: The sandbox is not in sync with the Podfile.lock. Run 'pod install' or update your CocoaPods installation.\" >&2\n    exit 1\nfi\n# This output is used by Xcode 'outputs' to avoid re-running this script phase.\necho \"SUCCESS\" > \"${SCRIPT_OUTPUT_FILE_0}\"\n";
			showEnvVarsInLog = 0;
		};
/* End PBXShellScriptBuildPhase section */

/* Begin PBXSourcesBuildPhase section */
		D6C051D62146DB7900B4F044 /* Sources */ = {
			isa = PBXSourcesBuildPhase;
			buildActionMask = 2147483647;
			files = (
				D668240E214EC2B900B6D8F0 /* AddNameVC.swift in Sources */,
				D6C051E02146DB7900B4F044 /* ViewController.swift in Sources */,
				D6C051DE2146DB7900B4F044 /* AppDelegate.swift in Sources */,
			);
			runOnlyForDeploymentPostprocessing = 0;
		};
/* End PBXSourcesBuildPhase section */

/* Begin PBXVariantGroup section */
		D6C051E12146DB7900B4F044 /* Main.storyboard */ = {
			isa = PBXVariantGroup;
			children = (
				D6C051E22146DB7900B4F044 /* Base */,
			);
			name = Main.storyboard;
			sourceTree = "<group>";
		};
		D6C051E62146DB7B00B4F044 /* LaunchScreen.storyboard */ = {
			isa = PBXVariantGroup;
			children = (
				D6C051E72146DB7B00B4F044 /* Base */,
			);
			name = LaunchScreen.storyboard;
			sourceTree = "<group>";
		};
/* End PBXVariantGroup section */

/* Begin XCBuildConfiguration section */
		D6C051EA2146DB7B00B4F044 /* Debug */ = {
			isa = XCBuildConfiguration;
			buildSettings = {
				ALWAYS_SEARCH_USER_PATHS = NO;
				CLANG_ANALYZER_NONNULL = YES;
				CLANG_ANALYZER_NUMBER_OBJECT_CONVERSION = YES_AGGRESSIVE;
				CLANG_CXX_LANGUAGE_STANDARD = "gnu++14";
				CLANG_CXX_LIBRARY = "libc++";
				CLANG_ENABLE_MODULES = YES;
				CLANG_ENABLE_OBJC_ARC = YES;
				CLANG_ENABLE_OBJC_WEAK = YES;
				CLANG_WARN_BLOCK_CAPTURE_AUTORELEASING = YES;
				CLANG_WARN_BOOL_CONVERSION = YES;
				CLANG_WARN_COMMA = YES;
				CLANG_WARN_CONSTANT_CONVERSION = YES;
				CLANG_WARN_DEPRECATED_OBJC_IMPLEMENTATIONS = YES;
				CLANG_WARN_DIRECT_OBJC_ISA_USAGE = YES_ERROR;
				CLANG_WARN_DOCUMENTATION_COMMENTS = YES;
				CLANG_WARN_EMPTY_BODY = YES;
				CLANG_WARN_ENUM_CONVERSION = YES;
				CLANG_WARN_INFINITE_RECURSION = YES;
				CLANG_WARN_INT_CONVERSION = YES;
				CLANG_WARN_NON_LITERAL_NULL_CONVERSION = YES;
				CLANG_WARN_OBJC_IMPLICIT_RETAIN_SELF = YES;
				CLANG_WARN_OBJC_LITERAL_CONVERSION = YES;
				CLANG_WARN_OBJC_ROOT_CLASS = YES_ERROR;
				CLANG_WARN_RANGE_LOOP_ANALYSIS = YES;
				CLANG_WARN_STRICT_PROTOTYPES = YES;
				CLANG_WARN_SUSPICIOUS_MOVE = YES;
				CLANG_WARN_UNGUARDED_AVAILABILITY = YES_AGGRESSIVE;
				CLANG_WARN_UNREACHABLE_CODE = YES;
				CLANG_WARN__DUPLICATE_METHOD_MATCH = YES;
				CODE_SIGN_IDENTITY = "iPhone Developer";
				COPY_PHASE_STRIP = NO;
				DEBUG_INFORMATION_FORMAT = dwarf;
				ENABLE_STRICT_OBJC_MSGSEND = YES;
				ENABLE_TESTABILITY = YES;
				GCC_C_LANGUAGE_STANDARD = gnu11;
				GCC_DYNAMIC_NO_PIC = NO;
				GCC_NO_COMMON_BLOCKS = YES;
				GCC_OPTIMIZATION_LEVEL = 0;
				GCC_PREPROCESSOR_DEFINITIONS = (
					"DEBUG=1",
					"$(inherited)",
				);
				GCC_WARN_64_TO_32_BIT_CONVERSION = YES;
				GCC_WARN_ABOUT_RETURN_TYPE = YES_ERROR;
				GCC_WARN_UNDECLARED_SELECTOR = YES;
				GCC_WARN_UNINITIALIZED_AUTOS = YES_AGGRESSIVE;
				GCC_WARN_UNUSED_FUNCTION = YES;
				GCC_WARN_UNUSED_VARIABLE = YES;
				IPHONEOS_DEPLOYMENT_TARGET = 11.4;
				MTL_ENABLE_DEBUG_INFO = YES;
				ONLY_ACTIVE_ARCH = YES;
				SDKROOT = iphoneos;
				SWIFT_ACTIVE_COMPILATION_CONDITIONS = DEBUG;
				SWIFT_OPTIMIZATION_LEVEL = "-Onone";
			};
			name = Debug;
		};
		D6C051EB2146DB7B00B4F044 /* Release */ = {
			isa = XCBuildConfiguration;
			buildSettings = {
				ALWAYS_SEARCH_USER_PATHS = NO;
				CLANG_ANALYZER_NONNULL = YES;
				CLANG_ANALYZER_NUMBER_OBJECT_CONVERSION = YES_AGGRESSIVE;
				CLANG_CXX_LANGUAGE_STANDARD = "gnu++14";
				CLANG_CXX_LIBRARY = "libc++";
				CLANG_ENABLE_MODULES = YES;
				CLANG_ENABLE_OBJC_ARC = YES;
				CLANG_ENABLE_OBJC_WEAK = YES;
				CLANG_WARN_BLOCK_CAPTURE_AUTORELEASING = YES;
				CLANG_WARN_BOOL_CONVERSION = YES;
				CLANG_WARN_COMMA = YES;
				CLANG_WARN_CONSTANT_CONVERSION = YES;
				CLANG_WARN_DEPRECATED_OBJC_IMPLEMENTATIONS = YES;
				CLANG_WARN_DIRECT_OBJC_ISA_USAGE = YES_ERROR;
				CLANG_WARN_DOCUMENTATION_COMMENTS = YES;
				CLANG_WARN_EMPTY_BODY = YES;
				CLANG_WARN_ENUM_CONVERSION = YES;
				CLANG_WARN_INFINITE_RECURSION = YES;
				CLANG_WARN_INT_CONVERSION = YES;
				CLANG_WARN_NON_LITERAL_NULL_CONVERSION = YES;
				CLANG_WARN_OBJC_IMPLICIT_RETAIN_SELF = YES;
				CLANG_WARN_OBJC_LITERAL_CONVERSION = YES;
				CLANG_WARN_OBJC_ROOT_CLASS = YES_ERROR;
				CLANG_WARN_RANGE_LOOP_ANALYSIS = YES;
				CLANG_WARN_STRICT_PROTOTYPES = YES;
				CLANG_WARN_SUSPICIOUS_MOVE = YES;
				CLANG_WARN_UNGUARDED_AVAILABILITY = YES_AGGRESSIVE;
				CLANG_WARN_UNREACHABLE_CODE = YES;
				CLANG_WARN__DUPLICATE_METHOD_MATCH = YES;
				CODE_SIGN_IDENTITY = "iPhone Developer";
				COPY_PHASE_STRIP = NO;
				DEBUG_INFORMATION_FORMAT = "dwarf-with-dsym";
				ENABLE_NS_ASSERTIONS = NO;
				ENABLE_STRICT_OBJC_MSGSEND = YES;
				GCC_C_LANGUAGE_STANDARD = gnu11;
				GCC_NO_COMMON_BLOCKS = YES;
				GCC_WARN_64_TO_32_BIT_CONVERSION = YES;
				GCC_WARN_ABOUT_RETURN_TYPE = YES_ERROR;
				GCC_WARN_UNDECLARED_SELECTOR = YES;
				GCC_WARN_UNINITIALIZED_AUTOS = YES_AGGRESSIVE;
				GCC_WARN_UNUSED_FUNCTION = YES;
				GCC_WARN_UNUSED_VARIABLE = YES;
				IPHONEOS_DEPLOYMENT_TARGET = 11.4;
				MTL_ENABLE_DEBUG_INFO = NO;
				SDKROOT = iphoneos;
				SWIFT_COMPILATION_MODE = wholemodule;
				SWIFT_OPTIMIZATION_LEVEL = "-O";
				VALIDATE_PRODUCT = YES;
			};
			name = Release;
		};
		D6C051ED2146DB7B00B4F044 /* Debug */ = {
			isa = XCBuildConfiguration;
			baseConfigurationReference = A1A0A8746E0FD4417EE740A3 /* Pods-RxNamer.debug.xcconfig */;
			buildSettings = {
				ASSETCATALOG_COMPILER_APPICON_NAME = AppIcon;
				CODE_SIGN_STYLE = Automatic;
				DEVELOPMENT_TEAM = 5F3T78YFZV;
				INFOPLIST_FILE = RxNamer/Info.plist;
				LD_RUNPATH_SEARCH_PATHS = (
					"$(inherited)",
					"@executable_path/Frameworks",
				);
				PRODUCT_BUNDLE_IDENTIFIER = com.tomaszjaeschke.RxNamer;
				PRODUCT_NAME = "$(TARGET_NAME)";
				SWIFT_VERSION = 4.0;
				TARGETED_DEVICE_FAMILY = "1,2";
			};
			name = Debug;
		};
		D6C051EE2146DB7B00B4F044 /* Release */ = {
			isa = XCBuildConfiguration;
			baseConfigurationReference = 28C389952F144E280AA3968E /* Pods-RxNamer.release.xcconfig */;
			buildSettings = {
				ASSETCATALOG_COMPILER_APPICON_NAME = AppIcon;
				CODE_SIGN_STYLE = Automatic;
				DEVELOPMENT_TEAM = 5F3T78YFZV;
				INFOPLIST_FILE = RxNamer/Info.plist;
				LD_RUNPATH_SEARCH_PATHS = (
					"$(inherited)",
					"@executable_path/Frameworks",
				);
				PRODUCT_BUNDLE_IDENTIFIER = com.tomaszjaeschke.RxNamer;
				PRODUCT_NAME = "$(TARGET_NAME)";
				SWIFT_VERSION = 4.0;
				TARGETED_DEVICE_FAMILY = "1,2";
			};
			name = Release;
		};
/* End XCBuildConfiguration section */

/* Begin XCConfigurationList section */
		D6C051D52146DB7900B4F044 /* Build configuration list for PBXProject "RxNamer" */ = {
			isa = XCConfigurationList;
			buildConfigurations = (
				D6C051EA2146DB7B00B4F044 /* Debug */,
				D6C051EB2146DB7B00B4F044 /* Release */,
			);
			defaultConfigurationIsVisible = 0;
			defaultConfigurationName = Release;
		};
		D6C051EC2146DB7B00B4F044 /* Build configuration list for PBXNativeTarget "RxNamer" */ = {
			isa = XCConfigurationList;
			buildConfigurations = (
				D6C051ED2146DB7B00B4F044 /* Debug */,
				D6C051EE2146DB7B00B4F044 /* Release */,
			);
			defaultConfigurationIsVisible = 0;
			defaultConfigurationName = Release;
		};
/* End XCConfigurationList section */
	};
	rootObject = D6C051D22146DB7900B4F044 /* Project object */;
}
